
Microsoft Visual Studio Solution File, Format Version 10.00
# Visual Studio 2008
Project("{FAE04EC0-301F-11D3-BF4B-00C04F79EFBC}") = "DataImporter", "DataImporter.csproj", "{889D8B92-876D-47A7-B092-BCD76D5DF60A}"
EndProject
Project("{FAE04EC0-301F-11D3-BF4B-00C04F79EFBC}") = "Utilities", "..\Utilities\Utilities.csproj", "{EBE5BDE4-4032-4D2D-BB3C-6CC261F43B0C}"
EndProject
Project("{FAE04EC0-301F-11D3-BF4B-00C04F79EFBC}") = "DataAccessModule", "..\DataAccessModule\DataAccessModule.csproj", "{97BEAA7C-1EA1-4A77-9FC1-1A9AF4D8C5BF}"
EndProject
Global
	GlobalSection(SolutionConfigurationPlatforms) = preSolution
		Debug|Any CPU = Debug|Any CPU
		Release|Any CPU = Release|Any CPU
		TestDriver|Any CPU = TestDriver|Any CPU
	EndGlobalSection
	GlobalSection(ProjectConfigurationPlatforms) = postSolution
		{889D8B92-876D-47A7-B092-BCD76D5DF60A}.Debug|Any CPU.ActiveCfg = Debug|Any CPU
		{889D8B92-876D-47A7-B092-BCD76D5DF60A}.Debug|Any CPU.Build.0 = Debug|Any CPU
		{889D8B92-876D-47A7-B092-BCD76D5DF60A}.Release|Any CPU.ActiveCfg = Release|Any CPU
		{889D8B92-876D-47A7-B092-BCD76D5DF60A}.Release|Any CPU.Build.0 = Release|Any CPU
		{889D8B92-876D-47A7-B092-BCD76D5DF60A}.TestDriver|Any CPU.ActiveCfg = TestDriver|Any CPU
		{889D8B92-876D-47A7-B092-BCD76D5DF60A}.TestDriver|Any CPU.Build.0 = TestDriver|Any CPU
		{EBE5BDE4-4032-4D2D-BB3C-6CC261F43B0C}.Debug|Any CPU.ActiveCfg = Debug|Any CPU
		{EBE5BDE4-4032-4D2D-BB3C-6CC261F43B0C}.Debug|Any CPU.Build.0 = Debug|Any CPU
		{EBE5BDE4-4032-4D2D-BB3C-6CC261F43B0C}.Release|Any CPU.ActiveCfg = Release|Any CPU
		{EBE5BDE4-4032-4D2D-BB3C-6CC261F43B0C}.Release|Any CPU.Build.0 = Release|Any CPU
		{EBE5BDE4-4032-4D2D-BB3C-6CC261F43B0C}.TestDriver|Any CPU.ActiveCfg = TestDriver|Any CPU
		{EBE5BDE4-4032-4D2D-BB3C-6CC261F43B0C}.TestDriver|Any CPU.Build.0 = TestDriver|Any CPU
		{97BEAA7C-1EA1-4A77-9FC1-1A9AF4D8C5BF}.Debug|Any CPU.ActiveCfg = Debug|Any CPU
		{97BEAA7C-1EA1-4A77-9FC1-1A9AF4D8C5BF}.Debug|Any CPU.Build.0 = Debug|Any CPU
		{97BEAA7C-1EA1-4A77-9FC1-1A9AF4D8C5BF}.Release|Any CPU.ActiveCfg = Release|Any CPU
		{97BEAA7C-1EA1-4A77-9FC1-1A9AF4D8C5BF}.Release|Any CPU.Build.0 = Release|Any CPU
		{97BEAA7C-1EA1-4A77-9FC1-1A9AF4D8C5BF}.TestDriver|Any CPU.ActiveCfg = TestDriver|Any CPU
		{97BEAA7C-1EA1-4A77-9FC1-1A9AF4D8C5BF}.TestDriver|Any CPU.Build.0 = TestDriver|Any CPU
	EndGlobalSection
	GlobalSection(SolutionProperties) = preSolution
		HideSolutionNode = FALSE
	EndGlobalSection
EndGlobal
